<Solution>
  <Project Path="src/PetShelter.Api/PetShelter.Api.csproj" />
  <Project Path="src/PetShelter.Application/PetShelter.Application.csproj" />
  <Project Path="src/PetShelter.Domain/PetShelter.Domain.csproj" />
  <Project Path="src/PetShelter.Infrastructure/PetShelter.Infrastructure.csproj" />
</Solution>
